{
  "name": "@reallyland/changesets-changelog",
  "version": "0.0.0",
  "lockfileVersion": 2,
  "requires": true,
  "packages": {
    "": {
      "name": "@reallyland/changesets-changelog",
      "version": "0.0.0",
      "hasInstallScript": true,
      "license": "MIT",
      "dependencies": {
        "@changesets/get-github-info": "^0.5.1",
        "@changesets/types": "^5.2.0"
      },
      "engines": {
        "node": ">= 16.x",
        "npm": ">= 8.x"
      }
    },
    "node_modules/@changesets/get-github-info": {
      "version": "0.5.1",
      "resolved": "https://registry.npmjs.org/@changesets/get-github-info/-/get-github-info-0.5.1.tgz",
      "integrity": "sha512-w2yl3AuG+hFuEEmT6j1zDlg7GQLM/J2UxTmk0uJBMdRqHni4zXGe/vUlPfLom5KfX3cRfHc0hzGvloDPjWFNZw==",
      "dependencies": {
        "dataloader": "^1.4.0",
        "node-fetch": "^2.5.0"
      }
    },
    "node_modules/@changesets/types": {
      "version": "5.2.0",
      "resolved": "https://registry.npmjs.org/@changesets/types/-/types-5.2.0.tgz",
      "integrity": "sha512-km/66KOqJC+eicZXsm2oq8A8bVTSpkZJ60iPV/Nl5Z5c7p9kk8xxh6XGRTlnludHldxOOfudhnDN2qPxtHmXzA=="
    },
    "node_modules/dataloader": {
      "version": "1.4.0",
      "resolved": "https://registry.npmjs.org/dataloader/-/dataloader-1.4.0.tgz",
      "integrity": "sha512-68s5jYdlvasItOJnCuI2Q9s4q98g0pCyL3HrcKJu8KNugUl8ahgmZYg38ysLTgQjjXX3H8CJLkAvWrclWfcalw=="
    },
    "node_modules/node-fetch": {
      "version": "2.6.7",
      "resolved": "https://registry.npmjs.org/node-fetch/-/node-fetch-2.6.7.tgz",
      "integrity": "sha512-ZjMPFEfVx5j+y2yF35Kzx5sF7kDzxuDj6ziH4FFbOp87zKDZNx8yExJIb05OGF4Nlt9IHFIMBkRl41VdvcNdbQ==",
      "dependencies": {
        "whatwg-url": "^5.0.0"
      },
      "engines": {
        "node": "4.x || >=6.0.0"
      },
      "peerDependencies": {
        "encoding": "^0.1.0"
      },
      "peerDependenciesMeta": {
        "encoding": {
          "optional": true
        }
      }
    },
    "node_modules/tr46": {
      "version": "0.0.3",
      "resolved": "https://registry.npmjs.org/tr46/-/tr46-0.0.3.tgz",
      "integrity": "sha512-N3WMsuqV66lT30CrXNbEjx4GEwlow3v6rr4mCcv6prnfwhS01rkgyFdjPNBYd9br7LpXV1+Emh01fHnq2Gdgrw=="
    },
    "node_modules/webidl-conversions": {
      "version": "3.0.1",
      "resolved": "https://registry.npmjs.org/webidl-conversions/-/webidl-conversions-3.0.1.tgz",
      "integrity": "sha512-2JAn3z8AR6rjK8Sm8orRC0h/bcl/DqL7tRPdGZ4I1CjdF+EaMLmYxBHyXuKL849eucPFhvBoxMsflfOb8kxaeQ=="
    },
    "node_modules/whatwg-url": {
      "version": "5.0.0",
      "resolved": "https://registry.npmjs.org/whatwg-url/-/whatwg-url-5.0.0.tgz",
      "integrity": "sha512-saE57nupxk6v3HY35+jzBwYa0rKSy0XR8JSxZPwgLr7ys0IBzhGviA1/TUGJLmSVqs8pb9AnvICXEuOHLprYTw==",
      "dependencies": {
        "tr46": "~0.0.3",
        "webidl-conversions": "^3.0.0"
      }
    }
  },
  "dependencies": {
    "@changesets/get-github-info": {
      "version": "0.5.1",
      "resolved": "https://registry.npmjs.org/@changesets/get-github-info/-/get-github-info-0.5.1.tgz",
      "integrity": "sha512-w2yl3AuG+hFuEEmT6j1zDlg7GQLM/J2UxTmk0uJBMdRqHni4zXGe/vUlPfLom5KfX3cRfHc0hzGvloDPjWFNZw==",
      "requires": {
        "dataloader": "^1.4.0",
        "node-fetch": "^2.5.0"
      }
    },
    "@changesets/types": {
      "version": "5.2.0",
      "resolved": "https://registry.npmjs.org/@changesets/types/-/types-5.2.0.tgz",
      "integrity": "sha512-km/66KOqJC+eicZXsm2oq8A8bVTSpkZJ60iPV/Nl5Z5c7p9kk8xxh6XGRTlnludHldxOOfudhnDN2qPxtHmXzA=="
    },
    "dataloader": {
      "version": "1.4.0",
      "resolved": "https://registry.npmjs.org/dataloader/-/dataloader-1.4.0.tgz",
      "integrity": "sha512-68s5jYdlvasItOJnCuI2Q9s4q98g0pCyL3HrcKJu8KNugUl8ahgmZYg38ysLTgQjjXX3H8CJLkAvWrclWfcalw=="
    },
    "node-fetch": {
      "version": "2.6.7",
      "resolved": "https://registry.npmjs.org/node-fetch/-/node-fetch-2.6.7.tgz",
      "integrity": "sha512-ZjMPFEfVx5j+y2yF35Kzx5sF7kDzxuDj6ziH4FFbOp87zKDZNx8yExJIb05OGF4Nlt9IHFIMBkRl41VdvcNdbQ==",
      "requires": {
        "whatwg-url": "^5.0.0"
      }
    },
    "tr46": {
      "version": "0.0.3",
      "resolved": "https://registry.npmjs.org/tr46/-/tr46-0.0.3.tgz",
      "integrity": "sha512-N3WMsuqV66lT30CrXNbEjx4GEwlow3v6rr4mCcv6prnfwhS01rkgyFdjPNBYd9br7LpXV1+Emh01fHnq2Gdgrw=="
    },
    "webidl-conversions": {
      "version": "3.0.1",
      "resolved": "https://registry.npmjs.org/webidl-conversions/-/webidl-conversions-3.0.1.tgz",
      "integrity": "sha512-2JAn3z8AR6rjK8Sm8orRC0h/bcl/DqL7tRPdGZ4I1CjdF+EaMLmYxBHyXuKL849eucPFhvBoxMsflfOb8kxaeQ=="
    },
    "whatwg-url": {
      "version": "5.0.0",
      "resolved": "https://registry.npmjs.org/whatwg-url/-/whatwg-url-5.0.0.tgz",
      "integrity": "sha512-saE57nupxk6v3HY35+jzBwYa0rKSy0XR8JSxZPwgLr7ys0IBzhGviA1/TUGJLmSVqs8pb9AnvICXEuOHLprYTw==",
      "requires": {
        "tr46": "~0.0.3",
        "webidl-conversions": "^3.0.0"
      }
    }
  }
}
